
Microsoft Visual Studio Solution File, Format Version 12.00
# Visual Studio Version 17
VisualStudioVersion = 17.7.34221.43
MinimumVisualStudioVersion = 10.0.40219.1
Project("{9A19103F-16F7-4668-BE54-9A1E7A4F7556}") = "BookStoreAPI.BooksApi", "BookStoreAPI.BooksApi\BookStoreAPI.BooksApi.csproj", "{0C4F3677-B1E9-40D4-9A88-F494A9FF5AC4}"
EndProject
Project("{9A19103F-16F7-4668-BE54-9A1E7A4F7556}") = "BookStoreAPI.Business", "BookStoreAPI.Business\BookStoreAPI.Business.csproj", "{73856B3A-F8DA-4CE9-A54F-21A6182C53FB}"
EndProject
Project("{9A19103F-16F7-4668-BE54-9A1E7A4F7556}") = "BookStoreAPI.Core", "BookStoreAPI.Core\BookStoreAPI.Core.csproj", "{02A50848-46C1-454F-AC89-B8B4C39DFDEF}"
EndProject
Project("{9A19103F-16F7-4668-BE54-9A1E7A4F7556}") = "BookStoreAPI.Entities", "BookStoreAPI.Entities\BookStoreAPI.Entities.csproj", "{7A851E7A-294B-48A8-A70C-8F245597B928}"
EndProject
Project("{FAE04EC0-301F-11D3-BF4B-00C04F79EFBC}") = "BookStoreAPI.DataAccess", "BookStoreAPI.DataAccess\BookStoreAPI.DataAccess.csproj", "{43BE4BAD-FCDE-4F0C-9CEB-BF0D4A617678}"
EndProject
Global
	GlobalSection(SolutionConfigurationPlatforms) = preSolution
		Debug|Any CPU = Debug|Any CPU
		Release|Any CPU = Release|Any CPU
	EndGlobalSection
	GlobalSection(ProjectConfigurationPlatforms) = postSolution
		{0C4F3677-B1E9-40D4-9A88-F494A9FF5AC4}.Debug|Any CPU.ActiveCfg = Debug|Any CPU
		{0C4F3677-B1E9-40D4-9A88-F494A9FF5AC4}.Debug|Any CPU.Build.0 = Debug|Any CPU
		{0C4F3677-B1E9-40D4-9A88-F494A9FF5AC4}.Release|Any CPU.ActiveCfg = Release|Any CPU
		{0C4F3677-B1E9-40D4-9A88-F494A9FF5AC4}.Release|Any CPU.Build.0 = Release|Any CPU
		{73856B3A-F8DA-4CE9-A54F-21A6182C53FB}.Debug|Any CPU.ActiveCfg = Debug|Any CPU
		{73856B3A-F8DA-4CE9-A54F-21A6182C53FB}.Debug|Any CPU.Build.0 = Debug|Any CPU
		{73856B3A-F8DA-4CE9-A54F-21A6182C53FB}.Release|Any CPU.ActiveCfg = Release|Any CPU
		{73856B3A-F8DA-4CE9-A54F-21A6182C53FB}.Release|Any CPU.Build.0 = Release|Any CPU
		{02A50848-46C1-454F-AC89-B8B4C39DFDEF}.Debug|Any CPU.ActiveCfg = Debug|Any CPU
		{02A50848-46C1-454F-AC89-B8B4C39DFDEF}.Debug|Any CPU.Build.0 = Debug|Any CPU
		{02A50848-46C1-454F-AC89-B8B4C39DFDEF}.Release|Any CPU.ActiveCfg = Release|Any CPU
		{02A50848-46C1-454F-AC89-B8B4C39DFDEF}.Release|Any CPU.Build.0 = Release|Any CPU
		{7A851E7A-294B-48A8-A70C-8F245597B928}.Debug|Any CPU.ActiveCfg = Debug|Any CPU
		{7A851E7A-294B-48A8-A70C-8F245597B928}.Debug|Any CPU.Build.0 = Debug|Any CPU
		{7A851E7A-294B-48A8-A70C-8F245597B928}.Release|Any CPU.ActiveCfg = Release|Any CPU
		{7A851E7A-294B-48A8-A70C-8F245597B928}.Release|Any CPU.Build.0 = Release|Any CPU
		{43BE4BAD-FCDE-4F0C-9CEB-BF0D4A617678}.Debug|Any CPU.ActiveCfg = Debug|Any CPU
		{43BE4BAD-FCDE-4F0C-9CEB-BF0D4A617678}.Debug|Any CPU.Build.0 = Debug|Any CPU
		{43BE4BAD-FCDE-4F0C-9CEB-BF0D4A617678}.Release|Any CPU.ActiveCfg = Release|Any CPU
		{43BE4BAD-FCDE-4F0C-9CEB-BF0D4A617678}.Release|Any CPU.Build.0 = Release|Any CPU
	EndGlobalSection
	GlobalSection(SolutionProperties) = preSolution
		HideSolutionNode = FALSE
	EndGlobalSection
	GlobalSection(ExtensibilityGlobals) = postSolution
		SolutionGuid = {4575185E-BAEA-4D94-A215-4851189501BC}
	EndGlobalSection
EndGlobal
